// !$*UTF8*$!
{
	archiveVersion = 1;
	classes = {
	};
	objectVersion = 46;
	objects = {

/* Begin PBXBuildFile section */
		18B7B6141CF54A2E00045369 /* main.m in Sources */ = {isa = PBXBuildFile; fileRef = 18B7B6131CF54A2E00045369 /* main.m */; };
		18B7B6171CF54A2E00045369 /* AppDelegate.m in Sources */ = {isa = PBXBuildFile; fileRef = 18B7B6161CF54A2E00045369 /* AppDelegate.m */; };
		18B7B61A1CF54A2E00045369 /* ViewController.m in Sources */ = {isa = PBXBuildFile; fileRef = 18B7B6191CF54A2E00045369 /* ViewController.m */; };
		18B7B61D1CF54A2E00045369 /* Main.storyboard in Resources */ = {isa = PBXBuildFile; fileRef = 18B7B61B1CF54A2E00045369 /* Main.storyboard */; };
		18B7B61F1CF54A2E00045369 /* Assets.xcassets in Resources */ = {isa = PBXBuildFile; fileRef = 18B7B61E1CF54A2E00045369 /* Assets.xcassets */; };
		18B7B6221CF54A2E00045369 /* LaunchScreen.storyboard in Resources */ = {isa = PBXBuildFile; fileRef = 18B7B6201CF54A2E00045369 /* LaunchScreen.storyboard */; };
		18B7B62D1CF54A2E00045369 /* CustomUIViewTests.m in Sources */ = {isa = PBXBuildFile; fileRef = 18B7B62C1CF54A2E00045369 /* CustomUIViewTests.m */; };
		18B7B63A1CF54A4F00045369 /* CustomView.m in Sources */ = {isa = PBXBuildFile; fileRef = 18B7B6391CF54A4F00045369 /* CustomView.m */; };
/* End PBXBuildFile section */

/* Begin PBXContainerItemProxy section */
		18B7B6291CF54A2E00045369 /* PBXContainerItemProxy */ = {
			isa = PBXContainerItemProxy;
			containerPortal = 18B7B6071CF54A2E00045369 /* Project object */;
			proxyType = 1;
			remoteGlobalIDString = 18B7B60E1CF54A2E00045369;
			remoteInfo = CustomUIView;
		};
/* End PBXContainerItemProxy section */

/* Begin PBXFileReference section */
		18B7B60F1CF54A2E00045369 /* CustomUIView.app */ = {isa = PBXFileReference; explicitFileType = wrapper.application; includeInIndex = 0; path = CustomUIView.app; sourceTree = BUILT_PRODUCTS_DIR; };
		18B7B6131CF54A2E00045369 /* main.m */ = {isa = PBXFileReference; lastKnownFileType = sourcecode.c.objc; path = main.m; sourceTree = "<group>"; };
		18B7B6151CF54A2E00045369 /* AppDelegate.h */ = {isa = PBXFileReference; lastKnownFileType = sourcecode.c.h; path = AppDelegate.h; sourceTree = "<group>"; };
		18B7B6161CF54A2E00045369 /* AppDelegate.m */ = {isa = PBXFileReference; lastKnownFileType = sourcecode.c.objc; path = AppDelegate.m; sourceTree = "<group>"; };
		18B7B6181CF54A2E00045369 /* ViewController.h */ = {isa = PBXFileReference; lastKnownFileType = sourcecode.c.h; path = ViewController.h; sourceTree = "<group>"; };
		18B7B6191CF54A2E00045369 /* ViewController.m */ = {isa = PBXFileReference; lastKnownFileType = sourcecode.c.objc; path = ViewController.m; sourceTree = "<group>"; };
		18B7B61C1CF54A2E00045369 /* Base */ = {isa = PBXFileReference; lastKnownFileType = file.storyboard; name = Base; path = Base.lproj/Main.storyboard; sourceTree = "<group>"; };
		18B7B61E1CF54A2E00045369 /* Assets.xcassets */ = {isa = PBXFileReference; lastKnownFileType = folder.assetcatalog; path = Assets.xcassets; sourceTree = "<group>"; };
		18B7B6211CF54A2E00045369 /* Base */ = {isa = PBXFileReference; lastKnownFileType = file.storyboard; name = Base; path = Base.lproj/LaunchScreen.storyboard; sourceTree = "<group>"; };
		18B7B6231CF54A2E00045369 /* Info.plist */ = {isa = PBXFileReference; lastKnownFileType = text.plist.xml; path = Info.plist; sourceTree = "<group>"; };
		18B7B6281CF54A2E00045369 /* CustomUIViewTests.xctest */ = {isa = PBXFileReference; explicitFileType = wrapper.cfbundle; includeInIndex = 0; path = CustomUIViewTests.xctest; sourceTree = BUILT_PRODUCTS_DIR; };
		18B7B62C1CF54A2E00045369 /* CustomUIViewTests.m */ = {isa = PBXFileReference; lastKnownFileType = sourcecode.c.objc; path = CustomUIViewTests.m; sourceTree = "<group>"; };
		18B7B62E1CF54A2E00045369 /* Info.plist */ = {isa = PBXFileReference; lastKnownFileType = text.plist.xml; path = Info.plist; sourceTree = "<group>"; };
		18B7B6381CF54A4F00045369 /* CustomView.h */ = {isa = PBXFileReference; fileEncoding = 4; lastKnownFileType = sourcecode.c.h; path = CustomView.h; sourceTree = "<group>"; };
		18B7B6391CF54A4F00045369 /* CustomView.m */ = {isa = PBXFileReference; fileEncoding = 4; lastKnownFileType = sourcecode.c.objc; path = CustomView.m; sourceTree = "<group>"; };
/* End PBXFileReference section */

/* Begin PBXFrameworksBuildPhase section */
		18B7B60C1CF54A2E00045369 /* Frameworks */ = {
			isa = PBXFrameworksBuildPhase;
			buildActionMask = 2147483647;
			files = (
			);
			runOnlyForDeploymentPostprocessing = 0;
		};
		18B7B6251CF54A2E00045369 /* Frameworks */ = {
			isa = PBXFrameworksBuildPhase;
			buildActionMask = 2147483647;
			files = (
			);
			runOnlyForDeploymentPostprocessing = 0;
		};
/* End PBXFrameworksBuildPhase section */

/* Begin PBXGroup section */
		18B7B6061CF54A2E00045369 = {
			isa = PBXGroup;
			children = (
				18B7B6371CF54A3B00045369 /* View */,
				18B7B6111CF54A2E00045369 /* CustomUIView */,
				18B7B62B1CF54A2E00045369 /* CustomUIViewTests */,
				18B7B6101CF54A2E00045369 /* Products */,
			);
			sourceTree = "<group>";
		};
		18B7B6101CF54A2E00045369 /* Products */ = {
			isa = PBXGroup;
			children = (
				18B7B60F1CF54A2E00045369 /* CustomUIView.app */,
				18B7B6281CF54A2E00045369 /* CustomUIViewTests.xctest */,
			);
			name = Products;
			sourceTree = "<group>";
		};
		18B7B6111CF54A2E00045369 /* CustomUIView */ = {
			isa = PBXGroup;
			children = (
				18B7B6151CF54A2E00045369 /* AppDelegate.h */,
				18B7B6161CF54A2E00045369 /* AppDelegate.m */,
				18B7B6181CF54A2E00045369 /* ViewController.h */,
				18B7B6191CF54A2E00045369 /* ViewController.m */,
				18B7B61B1CF54A2E00045369 /* Main.storyboard */,
				18B7B61E1CF54A2E00045369 /* Assets.xcassets */,
				18B7B6201CF54A2E00045369 /* LaunchScreen.storyboard */,
				18B7B6231CF54A2E00045369 /* Info.plist */,
				18B7B6121CF54A2E00045369 /* Supporting Files */,
			);
			path = CustomUIView;
			sourceTree = "<group>";
		};
		18B7B6121CF54A2E00045369 /* Supporting Files */ = {
			isa = PBXGroup;
			children = (
				18B7B6131CF54A2E00045369 /* main.m */,
			);
			name = "Supporting Files";
			sourceTree = "<group>";
		};
		18B7B62B1CF54A2E00045369 /* CustomUIViewTests */ = {
			isa = PBXGroup;
			children = (
				18B7B62C1CF54A2E00045369 /* CustomUIViewTests.m */,
				18B7B62E1CF54A2E00045369 /* Info.plist */,
			);
			path = CustomUIViewTests;
			sourceTree = "<group>";
		};
		18B7B6371CF54A3B00045369 /* View */ = {
			isa = PBXGroup;
			children = (
				18B7B6381CF54A4F00045369 /* CustomView.h */,
				18B7B6391CF54A4F00045369 /* CustomView.m */,
			);
			name = View;
			sourceTree = "<group>";
		};
/* End PBXGroup section */

/* Begin PBXNativeTarget section */
		18B7B60E1CF54A2E00045369 /* CustomUIView */ = {
			isa = PBXNativeTarget;
			buildConfigurationList = 18B7B6311CF54A2E00045369 /* Build configuration list for PBXNativeTarget "CustomUIView" */;
			buildPhases = (
				18B7B60B1CF54A2E00045369 /* Sources */,
				18B7B60C1CF54A2E00045369 /* Frameworks */,
				18B7B60D1CF54A2E00045369 /* Resources */,
			);
			buildRules = (
			);
			dependencies = (
			);
			name = CustomUIView;
			productName = CustomUIView;
			productReference = 18B7B60F1CF54A2E00045369 /* CustomUIView.app */;
			productType = "com.apple.product-type.application";
		};
		18B7B6271CF54A2E00045369 /* CustomUIViewTests */ = {
			isa = PBXNativeTarget;
			buildConfigurationList = 18B7B6341CF54A2E00045369 /* Build configuration list for PBXNativeTarget "CustomUIViewTests" */;
			buildPhases = (
				18B7B6241CF54A2E00045369 /* Sources */,
				18B7B6251CF54A2E00045369 /* Frameworks */,
				18B7B6261CF54A2E00045369 /* Resources */,
			);
			buildRules = (
			);
			dependencies = (
				18B7B62A1CF54A2E00045369 /* PBXTargetDependency */,
			);
			name = CustomUIViewTests;
			productName = CustomUIViewTests;
			productReference = 18B7B6281CF54A2E00045369 /* CustomUIViewTests.xctest */;
			productType = "com.apple.product-type.bundle.unit-test";
		};
/* End PBXNativeTarget section */

/* Begin PBXProject section */
		18B7B6071CF54A2E00045369 /* Project object */ = {
			isa = PBXProject;
			attributes = {
				LastUpgradeCheck = 0720;
				ORGANIZATIONNAME = XY;
				TargetAttributes = {
					18B7B60E1CF54A2E00045369 = {
						CreatedOnToolsVersion = 7.2.1;
						DevelopmentTeam = BK93QVE9RR;
					};
					18B7B6271CF54A2E00045369 = {
						CreatedOnToolsVersion = 7.2.1;
						DevelopmentTeam = BK93QVE9RR;
						TestTargetID = 18B7B60E1CF54A2E00045369;
					};
				};
			};
			buildConfigurationList = 18B7B60A1CF54A2E00045369 /* Build configuration list for PBXProject "CustomUIView" */;
			compatibilityVersion = "Xcode 3.2";
			developmentRegion = English;
			hasScannedForEncodings = 0;
			knownRegions = (
				en,
				Base,
			);
			mainGroup = 18B7B6061CF54A2E00045369;
			productRefGroup = 18B7B6101CF54A2E00045369 /* Products */;
			projectDirPath = "";
			projectRoot = "";
			targets = (
				18B7B60E1CF54A2E00045369 /* CustomUIView */,
				18B7B6271CF54A2E00045369 /* CustomUIViewTests */,
			);
		};
/* End PBXProject section */

/* Begin PBXResourcesBuildPhase section */
		18B7B60D1CF54A2E00045369 /* Resources */ = {
			isa = PBXResourcesBuildPhase;
			buildActionMask = 2147483647;
			files = (
				18B7B6221CF54A2E00045369 /* LaunchScreen.storyboard in Resources */,
				18B7B61F1CF54A2E00045369 /* Assets.xcassets in Resources */,
				18B7B61D1CF54A2E00045369 /* Main.storyboard in Resources */,
			);
			runOnlyForDeploymentPostprocessing = 0;
		};
		18B7B6261CF54A2E00045369 /* Resources */ = {
			isa = PBXResourcesBuildPhase;
			buildActionMask = 2147483647;
			files = (
			);
			runOnlyForDeploymentPostprocessing = 0;
		};
/* End PBXResourcesBuildPhase section */

/* Begin PBXSourcesBuildPhase section */
		18B7B60B1CF54A2E00045369 /* Sources */ = {
			isa = PBXSourcesBuildPhase;
			buildActionMask = 2147483647;
			files = (
				18B7B61A1CF54A2E00045369 /* ViewController.m in Sources */,
				18B7B63A1CF54A4F00045369 /* CustomView.m in Sources */,
				18B7B6171CF54A2E00045369 /* AppDelegate.m in Sources */,
				18B7B6141CF54A2E00045369 /* main.m in Sources */,
			);
			runOnlyForDeploymentPostprocessing = 0;
		};
		18B7B6241CF54A2E00045369 /* Sources */ = {
			isa = PBXSourcesBuildPhase;
			buildActionMask = 2147483647;
			files = (
				18B7B62D1CF54A2E00045369 /* CustomUIViewTests.m in Sources */,
			);
			runOnlyForDeploymentPostprocessing = 0;
		};
/* End PBXSourcesBuildPhase section */

/* Begin PBXTargetDependency section */
		18B7B62A1CF54A2E00045369 /* PBXTargetDependency */ = {
			isa = PBXTargetDependency;
			target = 18B7B60E1CF54A2E00045369 /* CustomUIView */;
			targetProxy = 18B7B6291CF54A2E00045369 /* PBXContainerItemProxy */;
		};
/* End PBXTargetDependency section */

/* Begin PBXVariantGroup section */
		18B7B61B1CF54A2E00045369 /* Main.storyboard */ = {
			isa = PBXVariantGroup;
			children = (
				18B7B61C1CF54A2E00045369 /* Base */,
			);
			name = Main.storyboard;
			sourceTree = "<group>";
		};
		18B7B6201CF54A2E00045369 /* LaunchScreen.storyboard */ = {
			isa = PBXVariantGroup;
			children = (
				18B7B6211CF54A2E00045369 /* Base */,
			);
			name = LaunchScreen.storyboard;
			sourceTree = "<group>";
		};
/* End PBXVariantGroup section */

/* Begin XCBuildConfiguration section */
		18B7B62F1CF54A2E00045369 /* Debug */ = {
			isa = XCBuildConfiguration;
			buildSettings = {
				ALWAYS_SEARCH_USER_PATHS = NO;
				CLANG_CXX_LANGUAGE_STANDARD = "gnu++0x";
				CLANG_CXX_LIBRARY = "libc++";
				CLANG_ENABLE_MODULES = YES;
				CLANG_ENABLE_OBJC_ARC = YES;
				CLANG_WARN_BOOL_CONVERSION = YES;
				CLANG_WARN_CONSTANT_CONVERSION = YES;
				CLANG_WARN_DIRECT_OBJC_ISA_USAGE = YES_ERROR;
				CLANG_WARN_EMPTY_BODY = YES;
				CLANG_WARN_ENUM_CONVERSION = YES;
				CLANG_WARN_INT_CONVERSION = YES;
				CLANG_WARN_OBJC_ROOT_CLASS = YES_ERROR;
				CLANG_WARN_UNREACHABLE_CODE = YES;
				CLANG_WARN__DUPLICATE_METHOD_MATCH = YES;
				"CODE_SIGN_IDENTITY[sdk=iphoneos*]" = "iPhone Developer";
				COPY_PHASE_STRIP = NO;
				DEBUG_INFORMATION_FORMAT = dwarf;
				ENABLE_STRICT_OBJC_MSGSEND = YES;
				ENABLE_TESTABILITY = YES;
				GCC_C_LANGUAGE_STANDARD = gnu99;
				GCC_DYNAMIC_NO_PIC = NO;
				GCC_NO_COMMON_BLOCKS = YES;
				GCC_OPTIMIZATION_LEVEL = 0;
				GCC_PREPROCESSOR_DEFINITIONS = (
					"DEBUG=1",
					"$(inherited)",
				);
				GCC_WARN_64_TO_32_BIT_CONVERSION = YES;
				GCC_WARN_ABOUT_RETURN_TYPE = YES_ERROR;
				GCC_WARN_UNDECLARED_SELECTOR = YES;
				GCC_WARN_UNINITIALIZED_AUTOS = YES_AGGRESSIVE;
				GCC_WARN_UNUSED_FUNCTION = YES;
				GCC_WARN_UNUSED_VARIABLE = YES;
				IPHONEOS_DEPLOYMENT_TARGET = 9.2;
				MTL_ENABLE_DEBUG_INFO = YES;
				ONLY_ACTIVE_ARCH = YES;
				SDKROOT = iphoneos;
			};
			name = Debug;
		};
		18B7B6301CF54A2E00045369 /* Release */ = {
			isa = XCBuildConfiguration;
			buildSettings = {
				ALWAYS_SEARCH_USER_PATHS = NO;
				CLANG_CXX_LANGUAGE_STANDARD = "gnu++0x";
				CLANG_CXX_LIBRARY = "libc++";
				CLANG_ENABLE_MODULES = YES;
				CLANG_ENABLE_OBJC_ARC = YES;
				CLANG_WARN_BOOL_CONVERSION = YES;
				CLANG_WARN_CONSTANT_CONVERSION = YES;
				CLANG_WARN_DIRECT_OBJC_ISA_USAGE = YES_ERROR;
				CLANG_WARN_EMPTY_BODY = YES;
				CLANG_WARN_ENUM_CONVERSION = YES;
				CLANG_WARN_INT_CONVERSION = YES;
				CLANG_WARN_OBJC_ROOT_CLASS = YES_ERROR;
				CLANG_WARN_UNREACHABLE_CODE = YES;
				CLANG_WARN__DUPLICATE_METHOD_MATCH = YES;
				"CODE_SIGN_IDENTITY[sdk=iphoneos*]" = "iPhone Developer";
				COPY_PHASE_STRIP = NO;
				DEBUG_INFORMATION_FORMAT = "dwarf-with-dsym";
				ENABLE_NS_ASSERTIONS = NO;
				ENABLE_STRICT_OBJC_MSGSEND = YES;
				GCC_C_LANGUAGE_STANDARD = gnu99;
				GCC_NO_COMMON_BLOCKS = YES;
				GCC_WARN_64_TO_32_BIT_CONVERSION = YES;
				GCC_WARN_ABOUT_RETURN_TYPE = YES_ERROR;
				GCC_WARN_UNDECLARED_SELECTOR = YES;
				GCC_WARN_UNINITIALIZED_AUTOS = YES_AGGRESSIVE;
				GCC_WARN_UNUSED_FUNCTION = YES;
				GCC_WARN_UNUSED_VARIABLE = YES;
				IPHONEOS_DEPLOYMENT_TARGET = 9.2;
				MTL_ENABLE_DEBUG_INFO = NO;
				SDKROOT = iphoneos;
				VALIDATE_PRODUCT = YES;
			};
			name = Release;
		};
		18B7B6321CF54A2E00045369 /* Debug */ = {
			isa = XCBuildConfiguration;
			buildSettings = {
				ASSETCATALOG_COMPILER_APPICON_NAME = AppIcon;
				INFOPLIST_FILE = CustomUIView/Info.plist;
				LD_RUNPATH_SEARCH_PATHS = "$(inherited) @executable_path/Frameworks";
				PRODUCT_BUNDLE_IDENTIFIER = com.XY.CustomUIView;
				PRODUCT_NAME = "$(TARGET_NAME)";
			};
			name = Debug;
		};
		18B7B6331CF54A2E00045369 /* Release */ = {
			isa = XCBuildConfiguration;
			buildSettings = {
				ASSETCATALOG_COMPILER_APPICON_NAME = AppIcon;
				INFOPLIST_FILE = CustomUIView/Info.plist;
				LD_RUNPATH_SEARCH_PATHS = "$(inherited) @executable_path/Frameworks";
				PRODUCT_BUNDLE_IDENTIFIER = com.XY.CustomUIView;
				PRODUCT_NAME = "$(TARGET_NAME)";
			};
			name = Release;
		};
		18B7B6351CF54A2E00045369 /* Debug */ = {
			isa = XCBuildConfiguration;
			buildSettings = {
				BUNDLE_LOADER = "$(TEST_HOST)";
				INFOPLIST_FILE = CustomUIViewTests/Info.plist;
				LD_RUNPATH_SEARCH_PATHS = "$(inherited) @executable_path/Frameworks @loader_path/Frameworks";
				PRODUCT_BUNDLE_IDENTIFIER = com.XY.CustomUIViewTests;
				PRODUCT_NAME = "$(TARGET_NAME)";
				TEST_HOST = "$(BUILT_PRODUCTS_DIR)/CustomUIView.app/CustomUIView";
			};
			name = Debug;
		};
		18B7B6361CF54A2E00045369 /* Release */ = {
			isa = XCBuildConfiguration;
			buildSettings = {
				BUNDLE_LOADER = "$(TEST_HOST)";
				INFOPLIST_FILE = CustomUIViewTests/Info.plist;
				LD_RUNPATH_SEARCH_PATHS = "$(inherited) @executable_path/Frameworks @loader_path/Frameworks";
				PRODUCT_BUNDLE_IDENTIFIER = com.XY.CustomUIViewTests;
				PRODUCT_NAME = "$(TARGET_NAME)";
				TEST_HOST = "$(BUILT_PRODUCTS_DIR)/CustomUIView.app/CustomUIView";
			};
			name = Release;
		};
/* End XCBuildConfiguration section */

/* Begin XCConfigurationList section */
		18B7B60A1CF54A2E00045369 /* Build configuration list for PBXProject "CustomUIView" */ = {
			isa = XCConfigurationList;
			buildConfigurations = (
				18B7B62F1CF54A2E00045369 /* Debug */,
				18B7B6301CF54A2E00045369 /* Release */,
			);
			defaultConfigurationIsVisible = 0;
			defaultConfigurationName = Release;
		};
		18B7B6311CF54A2E00045369 /* Build configuration list for PBXNativeTarget "CustomUIView" */ = {
			isa = XCConfigurationList;
			buildConfigurations = (
				18B7B6321CF54A2E00045369 /* Debug */,
				18B7B6331CF54A2E00045369 /* Release */,
			);
			defaultConfigurationIsVisible = 0;
		};
		18B7B6341CF54A2E00045369 /* Build configuration list for PBXNativeTarget "CustomUIViewTests" */ = {
			isa = XCConfigurationList;
			buildConfigurations = (
				18B7B6351CF54A2E00045369 /* Debug */,
				18B7B6361CF54A2E00045369 /* Release */,
			);
			defaultConfigurationIsVisible = 0;
		};
/* End XCConfigurationList section */
	};
	rootObject = 18B7B6071CF54A2E00045369 /* Project object */;
}
